
Microsoft Visual Studio Solution File, Format Version 12.00
# Visual Studio Version 17
VisualStudioVersion = 17.7.34221.43
MinimumVisualStudioVersion = 10.0.40219.1
Project("{FAE04EC0-301F-11D3-BF4B-00C04F79EFBC}") = "PersonaMayor1", "PersonaMayor1\PersonaMayor1.csproj", "{C5BD78C7-B331-4C4D-BB00-819652241387}"
EndProject
Global
	GlobalSection(SolutionConfigurationPlatforms) = preSolution
		Debug|Any CPU = Debug|Any CPU
		Release|Any CPU = Release|Any CPU
	EndGlobalSection
	GlobalSection(ProjectConfigurationPlatforms) = postSolution
		{C5BD78C7-B331-4C4D-BB00-819652241387}.Debug|Any CPU.ActiveCfg = Debug|Any CPU
		{C5BD78C7-B331-4C4D-BB00-819652241387}.Debug|Any CPU.Build.0 = Debug|Any CPU
		{C5BD78C7-B331-4C4D-BB00-819652241387}.Release|Any CPU.ActiveCfg = Release|Any CPU
		{C5BD78C7-B331-4C4D-BB00-819652241387}.Release|Any CPU.Build.0 = Release|Any CPU
	EndGlobalSection
	GlobalSection(SolutionProperties) = preSolution
		HideSolutionNode = FALSE
	EndGlobalSection
	GlobalSection(ExtensibilityGlobals) = postSolution
		SolutionGuid = {BA1F7ED1-7609-48E4-873E-B3F5811D74E6}
	EndGlobalSection
EndGlobal
